// !$*UTF8*$!
{
	archiveVersion = 1;
	classes = {
	};
	objectVersion = 46;
	objects = {

/* Begin PBXBuildFile section */
		92C21CB61AAE757A0052ABE6 /* main.m in Sources */ = {isa = PBXBuildFile; fileRef = 92C21CB51AAE757A0052ABE6 /* main.m */; };
		92C21CB91AAE757A0052ABE6 /* AppDelegate.m in Sources */ = {isa = PBXBuildFile; fileRef = 92C21CB81AAE757A0052ABE6 /* AppDelegate.m */; };
		92C21CBC1AAE757A0052ABE6 /* TableViewController.m in Sources */ = {isa = PBXBuildFile; fileRef = 92C21CBB1AAE757A0052ABE6 /* TableViewController.m */; };
		92C21CC11AAE757A0052ABE6 /* Images.xcassets in Resources */ = {isa = PBXBuildFile; fileRef = 92C21CC01AAE757A0052ABE6 /* Images.xcassets */; };
		92C21CD01AAE757A0052ABE6 /* iTunesSearchTests.m in Sources */ = {isa = PBXBuildFile; fileRef = 92C21CCF1AAE757A0052ABE6 /* iTunesSearchTests.m */; };
		92C21CDB1AAE75B30052ABE6 /* iTunesManager.m in Sources */ = {isa = PBXBuildFile; fileRef = 92C21CDA1AAE75B30052ABE6 /* iTunesManager.m */; };
		92C21CDD1AAE75DC0052ABE6 /* TableView.xib in Resources */ = {isa = PBXBuildFile; fileRef = 92C21CDC1AAE75DC0052ABE6 /* TableView.xib */; };
		92C21CE11AAE76930052ABE6 /* TableViewCell.m in Sources */ = {isa = PBXBuildFile; fileRef = 92C21CDF1AAE76930052ABE6 /* TableViewCell.m */; };
		92C21CE21AAE76930052ABE6 /* TableViewCell.xib in Resources */ = {isa = PBXBuildFile; fileRef = 92C21CE01AAE76930052ABE6 /* TableViewCell.xib */; };
		92C21CE81AAE858E0052ABE6 /* Filme.m in Sources */ = {isa = PBXBuildFile; fileRef = 92C21CE71AAE858E0052ABE6 /* Filme.m */; };
/* End PBXBuildFile section */

/* Begin PBXContainerItemProxy section */
		92C21CCA1AAE757A0052ABE6 /* PBXContainerItemProxy */ = {
			isa = PBXContainerItemProxy;
			containerPortal = 92C21CA81AAE757A0052ABE6 /* Project object */;
			proxyType = 1;
			remoteGlobalIDString = 92C21CAF1AAE757A0052ABE6;
			remoteInfo = iTunesSearch;
		};
/* End PBXContainerItemProxy section */

/* Begin PBXFileReference section */
		92C21CB01AAE757A0052ABE6 /* iTunesSearch.app */ = {isa = PBXFileReference; explicitFileType = wrapper.application; includeInIndex = 0; path = iTunesSearch.app; sourceTree = BUILT_PRODUCTS_DIR; };
		92C21CB41AAE757A0052ABE6 /* Info.plist */ = {isa = PBXFileReference; lastKnownFileType = text.plist.xml; path = Info.plist; sourceTree = "<group>"; };
		92C21CB51AAE757A0052ABE6 /* main.m */ = {isa = PBXFileReference; lastKnownFileType = sourcecode.c.objc; path = main.m; sourceTree = "<group>"; };
		92C21CB71AAE757A0052ABE6 /* AppDelegate.h */ = {isa = PBXFileReference; lastKnownFileType = sourcecode.c.h; path = AppDelegate.h; sourceTree = "<group>"; };
		92C21CB81AAE757A0052ABE6 /* AppDelegate.m */ = {isa = PBXFileReference; lastKnownFileType = sourcecode.c.objc; path = AppDelegate.m; sourceTree = "<group>"; };
		92C21CBA1AAE757A0052ABE6 /* TableViewController.h */ = {isa = PBXFileReference; lastKnownFileType = sourcecode.c.h; path = TableViewController.h; sourceTree = "<group>"; };
		92C21CBB1AAE757A0052ABE6 /* TableViewController.m */ = {isa = PBXFileReference; lastKnownFileType = sourcecode.c.objc; path = TableViewController.m; sourceTree = "<group>"; };
		92C21CC01AAE757A0052ABE6 /* Images.xcassets */ = {isa = PBXFileReference; lastKnownFileType = folder.assetcatalog; path = Images.xcassets; sourceTree = "<group>"; };
		92C21CC91AAE757A0052ABE6 /* iTunesSearchTests.xctest */ = {isa = PBXFileReference; explicitFileType = wrapper.cfbundle; includeInIndex = 0; path = iTunesSearchTests.xctest; sourceTree = BUILT_PRODUCTS_DIR; };
		92C21CCE1AAE757A0052ABE6 /* Info.plist */ = {isa = PBXFileReference; lastKnownFileType = text.plist.xml; path = Info.plist; sourceTree = "<group>"; };
		92C21CCF1AAE757A0052ABE6 /* iTunesSearchTests.m */ = {isa = PBXFileReference; lastKnownFileType = sourcecode.c.objc; path = iTunesSearchTests.m; sourceTree = "<group>"; };
		92C21CD91AAE75B30052ABE6 /* iTunesManager.h */ = {isa = PBXFileReference; fileEncoding = 4; lastKnownFileType = sourcecode.c.h; path = iTunesManager.h; sourceTree = "<group>"; };
		92C21CDA1AAE75B30052ABE6 /* iTunesManager.m */ = {isa = PBXFileReference; fileEncoding = 4; lastKnownFileType = sourcecode.c.objc; path = iTunesManager.m; sourceTree = "<group>"; };
		92C21CDC1AAE75DC0052ABE6 /* TableView.xib */ = {isa = PBXFileReference; fileEncoding = 4; lastKnownFileType = file.xib; path = TableView.xib; sourceTree = "<group>"; };
		92C21CDE1AAE76930052ABE6 /* TableViewCell.h */ = {isa = PBXFileReference; fileEncoding = 4; lastKnownFileType = sourcecode.c.h; path = TableViewCell.h; sourceTree = "<group>"; };
		92C21CDF1AAE76930052ABE6 /* TableViewCell.m */ = {isa = PBXFileReference; fileEncoding = 4; lastKnownFileType = sourcecode.c.objc; path = TableViewCell.m; sourceTree = "<group>"; };
		92C21CE01AAE76930052ABE6 /* TableViewCell.xib */ = {isa = PBXFileReference; fileEncoding = 4; lastKnownFileType = file.xib; path = TableViewCell.xib; sourceTree = "<group>"; };
		92C21CE61AAE858E0052ABE6 /* Filme.h */ = {isa = PBXFileReference; fileEncoding = 4; lastKnownFileType = sourcecode.c.h; name = Filme.h; path = Entidades/Filme.h; sourceTree = "<group>"; };
		92C21CE71AAE858E0052ABE6 /* Filme.m */ = {isa = PBXFileReference; fileEncoding = 4; lastKnownFileType = sourcecode.c.objc; name = Filme.m; path = Entidades/Filme.m; sourceTree = "<group>"; };
/* End PBXFileReference section */

/* Begin PBXFrameworksBuildPhase section */
		92C21CAD1AAE757A0052ABE6 /* Frameworks */ = {
			isa = PBXFrameworksBuildPhase;
			buildActionMask = 2147483647;
			files = (
			);
			runOnlyForDeploymentPostprocessing = 0;
		};
		92C21CC61AAE757A0052ABE6 /* Frameworks */ = {
			isa = PBXFrameworksBuildPhase;
			buildActionMask = 2147483647;
			files = (
			);
			runOnlyForDeploymentPostprocessing = 0;
		};
/* End PBXFrameworksBuildPhase section */

/* Begin PBXGroup section */
		92C21CA71AAE757A0052ABE6 = {
			isa = PBXGroup;
			children = (
				92C21CB21AAE757A0052ABE6 /* iTunesSearch */,
				92C21CCC1AAE757A0052ABE6 /* iTunesSearchTests */,
				92C21CB11AAE757A0052ABE6 /* Products */,
			);
			sourceTree = "<group>";
		};
		92C21CB11AAE757A0052ABE6 /* Products */ = {
			isa = PBXGroup;
			children = (
				92C21CB01AAE757A0052ABE6 /* iTunesSearch.app */,
				92C21CC91AAE757A0052ABE6 /* iTunesSearchTests.xctest */,
			);
			name = Products;
			sourceTree = "<group>";
		};
		92C21CB21AAE757A0052ABE6 /* iTunesSearch */ = {
			isa = PBXGroup;
			children = (
				92C21CE31AAE76AA0052ABE6 /* Celulas */,
				92C21CE91AAE859A0052ABE6 /* Entidades */,
				92C21CB71AAE757A0052ABE6 /* AppDelegate.h */,
				92C21CB81AAE757A0052ABE6 /* AppDelegate.m */,
				92C21CBA1AAE757A0052ABE6 /* TableViewController.h */,
				92C21CBB1AAE757A0052ABE6 /* TableViewController.m */,
				92C21CDC1AAE75DC0052ABE6 /* TableView.xib */,
				92C21CD91AAE75B30052ABE6 /* iTunesManager.h */,
				92C21CDA1AAE75B30052ABE6 /* iTunesManager.m */,
				92C21CC01AAE757A0052ABE6 /* Images.xcassets */,
				92C21CB31AAE757A0052ABE6 /* Supporting Files */,
			);
			path = iTunesSearch;
			sourceTree = "<group>";
		};
		92C21CB31AAE757A0052ABE6 /* Supporting Files */ = {
			isa = PBXGroup;
			children = (
				92C21CB41AAE757A0052ABE6 /* Info.plist */,
				92C21CB51AAE757A0052ABE6 /* main.m */,
			);
			name = "Supporting Files";
			sourceTree = "<group>";
		};
		92C21CCC1AAE757A0052ABE6 /* iTunesSearchTests */ = {
			isa = PBXGroup;
			children = (
				92C21CCF1AAE757A0052ABE6 /* iTunesSearchTests.m */,
				92C21CCD1AAE757A0052ABE6 /* Supporting Files */,
			);
			path = iTunesSearchTests;
			sourceTree = "<group>";
		};
		92C21CCD1AAE757A0052ABE6 /* Supporting Files */ = {
			isa = PBXGroup;
			children = (
				92C21CCE1AAE757A0052ABE6 /* Info.plist */,
			);
			name = "Supporting Files";
			sourceTree = "<group>";
		};
		92C21CE31AAE76AA0052ABE6 /* Celulas */ = {
			isa = PBXGroup;
			children = (
				92C21CDE1AAE76930052ABE6 /* TableViewCell.h */,
				92C21CDF1AAE76930052ABE6 /* TableViewCell.m */,
				92C21CE01AAE76930052ABE6 /* TableViewCell.xib */,
			);
			name = Celulas;
			sourceTree = "<group>";
		};
		92C21CE91AAE859A0052ABE6 /* Entidades */ = {
			isa = PBXGroup;
			children = (
				92C21CE61AAE858E0052ABE6 /* Filme.h */,
				92C21CE71AAE858E0052ABE6 /* Filme.m */,
			);
			name = Entidades;
			sourceTree = "<group>";
		};
/* End PBXGroup section */

/* Begin PBXNativeTarget section */
		92C21CAF1AAE757A0052ABE6 /* iTunesSearch */ = {
			isa = PBXNativeTarget;
			buildConfigurationList = 92C21CD31AAE757A0052ABE6 /* Build configuration list for PBXNativeTarget "iTunesSearch" */;
			buildPhases = (
				92C21CAC1AAE757A0052ABE6 /* Sources */,
				92C21CAD1AAE757A0052ABE6 /* Frameworks */,
				92C21CAE1AAE757A0052ABE6 /* Resources */,
			);
			buildRules = (
			);
			dependencies = (
			);
			name = iTunesSearch;
			productName = iTunesSearch;
			productReference = 92C21CB01AAE757A0052ABE6 /* iTunesSearch.app */;
			productType = "com.apple.product-type.application";
		};
		92C21CC81AAE757A0052ABE6 /* iTunesSearchTests */ = {
			isa = PBXNativeTarget;
			buildConfigurationList = 92C21CD61AAE757A0052ABE6 /* Build configuration list for PBXNativeTarget "iTunesSearchTests" */;
			buildPhases = (
				92C21CC51AAE757A0052ABE6 /* Sources */,
				92C21CC61AAE757A0052ABE6 /* Frameworks */,
				92C21CC71AAE757A0052ABE6 /* Resources */,
			);
			buildRules = (
			);
			dependencies = (
				92C21CCB1AAE757A0052ABE6 /* PBXTargetDependency */,
			);
			name = iTunesSearchTests;
			productName = iTunesSearchTests;
			productReference = 92C21CC91AAE757A0052ABE6 /* iTunesSearchTests.xctest */;
			productType = "com.apple.product-type.bundle.unit-test";
		};
/* End PBXNativeTarget section */

/* Begin PBXProject section */
		92C21CA81AAE757A0052ABE6 /* Project object */ = {
			isa = PBXProject;
			attributes = {
				LastUpgradeCheck = 0620;
				ORGANIZATIONNAME = joaquim;
				TargetAttributes = {
					92C21CAF1AAE757A0052ABE6 = {
						CreatedOnToolsVersion = 6.2;
					};
					92C21CC81AAE757A0052ABE6 = {
						CreatedOnToolsVersion = 6.2;
						TestTargetID = 92C21CAF1AAE757A0052ABE6;
					};
				};
			};
			buildConfigurationList = 92C21CAB1AAE757A0052ABE6 /* Build configuration list for PBXProject "iTunesSearch" */;
			compatibilityVersion = "Xcode 3.2";
			developmentRegion = English;
			hasScannedForEncodings = 0;
			knownRegions = (
				en,
				Base,
			);
			mainGroup = 92C21CA71AAE757A0052ABE6;
			productRefGroup = 92C21CB11AAE757A0052ABE6 /* Products */;
			projectDirPath = "";
			projectRoot = "";
			targets = (
				92C21CAF1AAE757A0052ABE6 /* iTunesSearch */,
				92C21CC81AAE757A0052ABE6 /* iTunesSearchTests */,
			);
		};
/* End PBXProject section */

/* Begin PBXResourcesBuildPhase section */
		92C21CAE1AAE757A0052ABE6 /* Resources */ = {
			isa = PBXResourcesBuildPhase;
			buildActionMask = 2147483647;
			files = (
				92C21CC11AAE757A0052ABE6 /* Images.xcassets in Resources */,
				92C21CE21AAE76930052ABE6 /* TableViewCell.xib in Resources */,
				92C21CDD1AAE75DC0052ABE6 /* TableView.xib in Resources */,
			);
			runOnlyForDeploymentPostprocessing = 0;
		};
		92C21CC71AAE757A0052ABE6 /* Resources */ = {
			isa = PBXResourcesBuildPhase;
			buildActionMask = 2147483647;
			files = (
			);
			runOnlyForDeploymentPostprocessing = 0;
		};
/* End PBXResourcesBuildPhase section */

/* Begin PBXSourcesBuildPhase section */
		92C21CAC1AAE757A0052ABE6 /* Sources */ = {
			isa = PBXSourcesBuildPhase;
			buildActionMask = 2147483647;
			files = (
				92C21CBC1AAE757A0052ABE6 /* TableViewController.m in Sources */,
				92C21CDB1AAE75B30052ABE6 /* iTunesManager.m in Sources */,
				92C21CB91AAE757A0052ABE6 /* AppDelegate.m in Sources */,
				92C21CE81AAE858E0052ABE6 /* Filme.m in Sources */,
				92C21CE11AAE76930052ABE6 /* TableViewCell.m in Sources */,
				92C21CB61AAE757A0052ABE6 /* main.m in Sources */,
			);
			runOnlyForDeploymentPostprocessing = 0;
		};
		92C21CC51AAE757A0052ABE6 /* Sources */ = {
			isa = PBXSourcesBuildPhase;
			buildActionMask = 2147483647;
			files = (
				92C21CD01AAE757A0052ABE6 /* iTunesSearchTests.m in Sources */,
			);
			runOnlyForDeploymentPostprocessing = 0;
		};
/* End PBXSourcesBuildPhase section */

/* Begin PBXTargetDependency section */
		92C21CCB1AAE757A0052ABE6 /* PBXTargetDependency */ = {
			isa = PBXTargetDependency;
			target = 92C21CAF1AAE757A0052ABE6 /* iTunesSearch */;
			targetProxy = 92C21CCA1AAE757A0052ABE6 /* PBXContainerItemProxy */;
		};
/* End PBXTargetDependency section */

/* Begin XCBuildConfiguration section */
		92C21CD11AAE757A0052ABE6 /* Debug */ = {
			isa = XCBuildConfiguration;
			buildSettings = {
				ALWAYS_SEARCH_USER_PATHS = NO;
				CLANG_CXX_LANGUAGE_STANDARD = "gnu++0x";
				CLANG_CXX_LIBRARY = "libc++";
				CLANG_ENABLE_MODULES = YES;
				CLANG_ENABLE_OBJC_ARC = YES;
				CLANG_WARN_BOOL_CONVERSION = YES;
				CLANG_WARN_CONSTANT_CONVERSION = YES;
				CLANG_WARN_DIRECT_OBJC_ISA_USAGE = YES_ERROR;
				CLANG_WARN_EMPTY_BODY = YES;
				CLANG_WARN_ENUM_CONVERSION = YES;
				CLANG_WARN_INT_CONVERSION = YES;
				CLANG_WARN_OBJC_ROOT_CLASS = YES_ERROR;
				CLANG_WARN_UNREACHABLE_CODE = YES;
				CLANG_WARN__DUPLICATE_METHOD_MATCH = YES;
				"CODE_SIGN_IDENTITY[sdk=iphoneos*]" = "iPhone Developer";
				COPY_PHASE_STRIP = NO;
				ENABLE_STRICT_OBJC_MSGSEND = YES;
				GCC_C_LANGUAGE_STANDARD = gnu99;
				GCC_DYNAMIC_NO_PIC = NO;
				GCC_OPTIMIZATION_LEVEL = 0;
				GCC_PREPROCESSOR_DEFINITIONS = (
					"DEBUG=1",
					"$(inherited)",
				);
				GCC_SYMBOLS_PRIVATE_EXTERN = NO;
				GCC_WARN_64_TO_32_BIT_CONVERSION = YES;
				GCC_WARN_ABOUT_RETURN_TYPE = YES_ERROR;
				GCC_WARN_UNDECLARED_SELECTOR = YES;
				GCC_WARN_UNINITIALIZED_AUTOS = YES_AGGRESSIVE;
				GCC_WARN_UNUSED_FUNCTION = YES;
				GCC_WARN_UNUSED_VARIABLE = YES;
				IPHONEOS_DEPLOYMENT_TARGET = 8.2;
				MTL_ENABLE_DEBUG_INFO = YES;
				ONLY_ACTIVE_ARCH = YES;
				SDKROOT = iphoneos;
				TARGETED_DEVICE_FAMILY = "1,2";
			};
			name = Debug;
		};
		92C21CD21AAE757A0052ABE6 /* Release */ = {
			isa = XCBuildConfiguration;
			buildSettings = {
				ALWAYS_SEARCH_USER_PATHS = NO;
				CLANG_CXX_LANGUAGE_STANDARD = "gnu++0x";
				CLANG_CXX_LIBRARY = "libc++";
				CLANG_ENABLE_MODULES = YES;
				CLANG_ENABLE_OBJC_ARC = YES;
				CLANG_WARN_BOOL_CONVERSION = YES;
				CLANG_WARN_CONSTANT_CONVERSION = YES;
				CLANG_WARN_DIRECT_OBJC_ISA_USAGE = YES_ERROR;
				CLANG_WARN_EMPTY_BODY = YES;
				CLANG_WARN_ENUM_CONVERSION = YES;
				CLANG_WARN_INT_CONVERSION = YES;
				CLANG_WARN_OBJC_ROOT_CLASS = YES_ERROR;
				CLANG_WARN_UNREACHABLE_CODE = YES;
				CLANG_WARN__DUPLICATE_METHOD_MATCH = YES;
				"CODE_SIGN_IDENTITY[sdk=iphoneos*]" = "iPhone Developer";
				COPY_PHASE_STRIP = NO;
				ENABLE_NS_ASSERTIONS = NO;
				ENABLE_STRICT_OBJC_MSGSEND = YES;
				GCC_C_LANGUAGE_STANDARD = gnu99;
				GCC_WARN_64_TO_32_BIT_CONVERSION = YES;
				GCC_WARN_ABOUT_RETURN_TYPE = YES_ERROR;
				GCC_WARN_UNDECLARED_SELECTOR = YES;
				GCC_WARN_UNINITIALIZED_AUTOS = YES_AGGRESSIVE;
				GCC_WARN_UNUSED_FUNCTION = YES;
				GCC_WARN_UNUSED_VARIABLE = YES;
				IPHONEOS_DEPLOYMENT_TARGET = 8.2;
				MTL_ENABLE_DEBUG_INFO = NO;
				SDKROOT = iphoneos;
				TARGETED_DEVICE_FAMILY = "1,2";
				VALIDATE_PRODUCT = YES;
			};
			name = Release;
		};
		92C21CD41AAE757A0052ABE6 /* Debug */ = {
			isa = XCBuildConfiguration;
			buildSettings = {
				ASSETCATALOG_COMPILER_APPICON_NAME = AppIcon;
				ASSETCATALOG_COMPILER_LAUNCHIMAGE_NAME = LaunchImage;
				INFOPLIST_FILE = iTunesSearch/Info.plist;
				LD_RUNPATH_SEARCH_PATHS = "$(inherited) @executable_path/Frameworks";
				PRODUCT_NAME = "$(TARGET_NAME)";
			};
			name = Debug;
		};
		92C21CD51AAE757A0052ABE6 /* Release */ = {
			isa = XCBuildConfiguration;
			buildSettings = {
				ASSETCATALOG_COMPILER_APPICON_NAME = AppIcon;
				ASSETCATALOG_COMPILER_LAUNCHIMAGE_NAME = LaunchImage;
				INFOPLIST_FILE = iTunesSearch/Info.plist;
				LD_RUNPATH_SEARCH_PATHS = "$(inherited) @executable_path/Frameworks";
				PRODUCT_NAME = "$(TARGET_NAME)";
			};
			name = Release;
		};
		92C21CD71AAE757A0052ABE6 /* Debug */ = {
			isa = XCBuildConfiguration;
			buildSettings = {
				BUNDLE_LOADER = "$(TEST_HOST)";
				FRAMEWORK_SEARCH_PATHS = (
					"$(SDKROOT)/Developer/Library/Frameworks",
					"$(inherited)",
				);
				GCC_PREPROCESSOR_DEFINITIONS = (
					"DEBUG=1",
					"$(inherited)",
				);
				INFOPLIST_FILE = iTunesSearchTests/Info.plist;
				LD_RUNPATH_SEARCH_PATHS = "$(inherited) @executable_path/Frameworks @loader_path/Frameworks";
				PRODUCT_NAME = "$(TARGET_NAME)";
				TEST_HOST = "$(BUILT_PRODUCTS_DIR)/iTunesSearch.app/iTunesSearch";
			};
			name = Debug;
		};
		92C21CD81AAE757A0052ABE6 /* Release */ = {
			isa = XCBuildConfiguration;
			buildSettings = {
				BUNDLE_LOADER = "$(TEST_HOST)";
				FRAMEWORK_SEARCH_PATHS = (
					"$(SDKROOT)/Developer/Library/Frameworks",
					"$(inherited)",
				);
				INFOPLIST_FILE = iTunesSearchTests/Info.plist;
				LD_RUNPATH_SEARCH_PATHS = "$(inherited) @executable_path/Frameworks @loader_path/Frameworks";
				PRODUCT_NAME = "$(TARGET_NAME)";
				TEST_HOST = "$(BUILT_PRODUCTS_DIR)/iTunesSearch.app/iTunesSearch";
			};
			name = Release;
		};
/* End XCBuildConfiguration section */

/* Begin XCConfigurationList section */
		92C21CAB1AAE757A0052ABE6 /* Build configuration list for PBXProject "iTunesSearch" */ = {
			isa = XCConfigurationList;
			buildConfigurations = (
				92C21CD11AAE757A0052ABE6 /* Debug */,
				92C21CD21AAE757A0052ABE6 /* Release */,
			);
			defaultConfigurationIsVisible = 0;
			defaultConfigurationName = Release;
		};
		92C21CD31AAE757A0052ABE6 /* Build configuration list for PBXNativeTarget "iTunesSearch" */ = {
			isa = XCConfigurationList;
			buildConfigurations = (
				92C21CD41AAE757A0052ABE6 /* Debug */,
				92C21CD51AAE757A0052ABE6 /* Release */,
			);
			defaultConfigurationIsVisible = 0;
			defaultConfigurationName = Release;
		};
		92C21CD61AAE757A0052ABE6 /* Build configuration list for PBXNativeTarget "iTunesSearchTests" */ = {
			isa = XCConfigurationList;
			buildConfigurations = (
				92C21CD71AAE757A0052ABE6 /* Debug */,
				92C21CD81AAE757A0052ABE6 /* Release */,
			);
			defaultConfigurationIsVisible = 0;
			defaultConfigurationName = Release;
		};
/* End XCConfigurationList section */
	};
	rootObject = 92C21CA81AAE757A0052ABE6 /* Project object */;
}
